github.com/go-gl/glfw/v3.3/glfw v0.0.0-20200625191551-73d3c3675aa3 h1:q521PfSp5/z6/sD9FZZOWj4d1MLmfQW8PkRnI9M6PCE=
github.com/go-gl/glfw/v3.3/glfw v0.0.0-20200625191551-73d3c3675aa3/go.mod h1:tQ2UAYgL5IevRw8kRxooKSPJfGvJ9fJQFa0TUsXzTg8=
github.com/go-gl/glfw/v3.3/glfw v0.0.0-20200707082815-5321531c36a2 h1:Ac1OEHHkbAZ6EUnJahF0GKcU0FjPc/V8F1DvjhKngFE=
github.com/go-gl/glfw/v3.3/glfw v0.0.0-20200707082815-5321531c36a2/go.mod h1:tQ2UAYgL5IevRw8kRxooKSPJfGvJ9fJQFa0TUsXzTg8=
github.com/gopherjs/gopherjs v0.0.0-20200217142428-fce0ec30dd00 h1:l5lAOZEym3oK3SQ2HBHWsJUfbNBiTXJDeW2QDxw9AQ0=
github.com/gopherjs/gopherjs v0.0.0-20200217142428-fce0ec30dd00/go.mod h1:wJfORRmW1u3UXTncJ5qlYoELFm8eSnnEO6hX4iZ3EWY=
honnef.co/go/js/dom v0.0.0-20200509013220-d4405f7ab4d8 h1:ufAAo/LVT1mnsG3ivFo3EdGa6E5VeCoBHj0hrmP5Xg0=
honnef.co/go/js/dom v0.0.0-20200509013220-d4405f7ab4d8/go.mod h1:sUMDUKNB2ZcVjt92UnLy3cdGs+wDAcrPdV3JP6sVgA4=
